
Microsoft Visual Studio Solution File, Format Version 12.00
# Visual Studio Version 16
VisualStudioVersion = 16.0.30128.74
MinimumVisualStudioVersion = 10.0.40219.1
Project("{FAE04EC0-301F-11D3-BF4B-00C04F79EFBC}") = "OrderProcessingApplication", "OrderProcessingApplication\OrderProcessingApplication.csproj", "{EEF69937-99D1-4CC5-B7EE-54D2952D9F42}"
EndProject
Global
	GlobalSection(SolutionConfigurationPlatforms) = preSolution
		Debug|Any CPU = Debug|Any CPU
		Release|Any CPU = Release|Any CPU
	EndGlobalSection
	GlobalSection(ProjectConfigurationPlatforms) = postSolution
		{EEF69937-99D1-4CC5-B7EE-54D2952D9F42}.Debug|Any CPU.ActiveCfg = Debug|Any CPU
		{EEF69937-99D1-4CC5-B7EE-54D2952D9F42}.Debug|Any CPU.Build.0 = Debug|Any CPU
		{EEF69937-99D1-4CC5-B7EE-54D2952D9F42}.Release|Any CPU.ActiveCfg = Release|Any CPU
		{EEF69937-99D1-4CC5-B7EE-54D2952D9F42}.Release|Any CPU.Build.0 = Release|Any CPU
	EndGlobalSection
	GlobalSection(SolutionProperties) = preSolution
		HideSolutionNode = FALSE
	EndGlobalSection
	GlobalSection(ExtensibilityGlobals) = postSolution
		SolutionGuid = {569C9D6F-DB3E-4057-A904-DDD1B289961E}
	EndGlobalSection
EndGlobal
